
Microsoft Visual Studio Solution File, Format Version 12.00
# Visual Studio Version 17
VisualStudioVersion = 17.5.33627.172
MinimumVisualStudioVersion = 10.0.40219.1
Project("{FAE04EC0-301F-11D3-BF4B-00C04F79EFBC}") = "GoogleReminders", "GoogleReminders\GoogleReminders.csproj", "{A49B4DE9-0E5D-4ED9-9000-53B2354903D3}"
EndProject
Project("{FAE04EC0-301F-11D3-BF4B-00C04F79EFBC}") = "GoogleReminders.Blazor", "GoogleReminders.Blazor\GoogleReminders.Blazor.csproj", "{49006B8C-82AE-4F99-B471-0709BF23029D}"
EndProject
Global
	GlobalSection(SolutionConfigurationPlatforms) = preSolution
		Debug|Any CPU = Debug|Any CPU
		Release|Any CPU = Release|Any CPU
	EndGlobalSection
	GlobalSection(ProjectConfigurationPlatforms) = postSolution
		{A49B4DE9-0E5D-4ED9-9000-53B2354903D3}.Debug|Any CPU.ActiveCfg = Debug|Any CPU
		{A49B4DE9-0E5D-4ED9-9000-53B2354903D3}.Debug|Any CPU.Build.0 = Debug|Any CPU
		{A49B4DE9-0E5D-4ED9-9000-53B2354903D3}.Release|Any CPU.ActiveCfg = Release|Any CPU
		{A49B4DE9-0E5D-4ED9-9000-53B2354903D3}.Release|Any CPU.Build.0 = Release|Any CPU
		{49006B8C-82AE-4F99-B471-0709BF23029D}.Debug|Any CPU.ActiveCfg = Debug|Any CPU
		{49006B8C-82AE-4F99-B471-0709BF23029D}.Debug|Any CPU.Build.0 = Debug|Any CPU
		{49006B8C-82AE-4F99-B471-0709BF23029D}.Release|Any CPU.ActiveCfg = Release|Any CPU
		{49006B8C-82AE-4F99-B471-0709BF23029D}.Release|Any CPU.Build.0 = Release|Any CPU
	EndGlobalSection
	GlobalSection(SolutionProperties) = preSolution
		HideSolutionNode = FALSE
	EndGlobalSection
	GlobalSection(ExtensibilityGlobals) = postSolution
		SolutionGuid = {E45A4F6C-C8E7-47AF-BFED-ECA799FD5428}
	EndGlobalSection
EndGlobal
